
Microsoft Visual Studio Solution File, Format Version 12.00
# Visual Studio 2013
VisualStudioVersion = 12.0.21005.1
MinimumVisualStudioVersion = 10.0.40219.1
Project("{FAE04EC0-301F-11D3-BF4B-00C04F79EFBC}") = "Nsantorello.PlistBuilder", "Nsantorello.PlistBuilder\Nsantorello.PlistBuilder.csproj", "{0DACBF2F-D5C9-4F6F-8091-C1172490A109}"
EndProject
Project("{FAE04EC0-301F-11D3-BF4B-00C04F79EFBC}") = "Nsantorello.PlistBuilder.Test", "Nsantorello.PlistBuilder.Test\Nsantorello.PlistBuilder.Test.csproj", "{271753F3-81F7-420A-9DFC-54B42C83EB06}"
EndProject
Global

	GlobalSection(SolutionConfigurationPlatforms) = preSolution
		Debug|Any CPU = Debug|Any CPU
		Release|Any CPU = Release|Any CPU
	EndGlobalSection
	GlobalSection(ProjectConfigurationPlatforms) = postSolution
		{0DACBF2F-D5C9-4F6F-8091-C1172490A109}.Debug|Any CPU.ActiveCfg = Debug|Any CPU
		{0DACBF2F-D5C9-4F6F-8091-C1172490A109}.Debug|Any CPU.Build.0 = Debug|Any CPU
		{0DACBF2F-D5C9-4F6F-8091-C1172490A109}.Release|Any CPU.ActiveCfg = Release|Any CPU
		{0DACBF2F-D5C9-4F6F-8091-C1172490A109}.Release|Any CPU.Build.0 = Release|Any CPU
		{271753F3-81F7-420A-9DFC-54B42C83EB06}.Debug|Any CPU.ActiveCfg = Debug|Any CPU
		{271753F3-81F7-420A-9DFC-54B42C83EB06}.Debug|Any CPU.Build.0 = Debug|Any CPU
		{271753F3-81F7-420A-9DFC-54B42C83EB06}.Release|Any CPU.ActiveCfg = Release|Any CPU
		{271753F3-81F7-420A-9DFC-54B42C83EB06}.Release|Any CPU.Build.0 = Release|Any CPU
	EndGlobalSection
	GlobalSection(SolutionProperties) = preSolution
		HideSolutionNode = FALSE
	EndGlobalSection
EndGlobal
